
Microsoft Visual Studio Solution File, Format Version 12.00
# Visual Studio 2013
VisualStudioVersion = 12.0.40629.0
MinimumVisualStudioVersion = 10.0.40219.1
Project("{8BC9CEB8-8B4A-11D0-8D11-00A0C91BC942}") = "pumpkin", "pumpkin\pumpkin.vcxproj", "{3F77FE51-CEF8-4CCD-9872-17C19828BB8F}"
	ProjectSection(ProjectDependencies) = postProject
		{F5AFB33F-49D4-4A4A-BC0C-A7AD7CFD06AE} = {F5AFB33F-49D4-4A4A-BC0C-A7AD7CFD06AE}
		{97907653-419C-4311-A890-3C90096E153F} = {97907653-419C-4311-A890-3C90096E153F}
		{50587DCF-A799-4628-B878-671D9789132E} = {50587DCF-A799-4628-B878-671D9789132E}
	EndProjectSection
EndProject
Project("{8BC9CEB8-8B4A-11D0-8D11-00A0C91BC942}") = "libpit", "libpit\libpit.vcxproj", "{F5AFB33F-49D4-4A4A-BC0C-A7AD7CFD06AE}"
	ProjectSection(ProjectDependencies) = postProject
		{32AB7374-7BD6-4C7C-905B-D43043AC4CC5} = {32AB7374-7BD6-4C7C-905B-D43043AC4CC5}
	EndProjectSection
EndProject
Project("{8BC9CEB8-8B4A-11D0-8D11-00A0C91BC942}") = "libpumpkin", "libpumpkin\libpumpkin.vcxproj", "{50587DCF-A799-4628-B878-671D9789132E}"
	ProjectSection(ProjectDependencies) = postProject
		{F5AFB33F-49D4-4A4A-BC0C-A7AD7CFD06AE} = {F5AFB33F-49D4-4A4A-BC0C-A7AD7CFD06AE}
	EndProjectSection
EndProject
Project("{8BC9CEB8-8B4A-11D0-8D11-00A0C91BC942}") = "libos", "libos\libos.vcxproj", "{7E429AE1-B904-4E92-AC5E-1AF74E5547D7}"
	ProjectSection(ProjectDependencies) = postProject
		{F5AFB33F-49D4-4A4A-BC0C-A7AD7CFD06AE} = {F5AFB33F-49D4-4A4A-BC0C-A7AD7CFD06AE}
		{50587DCF-A799-4628-B878-671D9789132E} = {50587DCF-A799-4628-B878-671D9789132E}
	EndProjectSection
EndProject
Project("{8BC9CEB8-8B4A-11D0-8D11-00A0C91BC942}") = "libshell", "libshell\libshell.vcxproj", "{FA180640-6EC4-4E48-8A4D-DD8155728768}"
	ProjectSection(ProjectDependencies) = postProject
		{F5AFB33F-49D4-4A4A-BC0C-A7AD7CFD06AE} = {F5AFB33F-49D4-4A4A-BC0C-A7AD7CFD06AE}
		{50587DCF-A799-4628-B878-671D9789132E} = {50587DCF-A799-4628-B878-671D9789132E}
	EndProjectSection
EndProject
Project("{8BC9CEB8-8B4A-11D0-8D11-00A0C91BC942}") = "libscriptlua", "libscriptlua\libscriptlua.vcxproj", "{1DD9BA58-729A-42CD-95A0-BD24FBFC1543}"
	ProjectSection(ProjectDependencies) = postProject
		{F5AFB33F-49D4-4A4A-BC0C-A7AD7CFD06AE} = {F5AFB33F-49D4-4A4A-BC0C-A7AD7CFD06AE}
	EndProjectSection
EndProject
Project("{8BC9CEB8-8B4A-11D0-8D11-00A0C91BC942}") = "winpthread", "winpthread\winpthread.vcxproj", "{32AB7374-7BD6-4C7C-905B-D43043AC4CC5}"
EndProject
Project("{8BC9CEB8-8B4A-11D0-8D11-00A0C91BC942}") = "BOOT", "BOOT\BOOT.vcxproj", "{1D7022F5-09D4-47B8-8A25-ED7BBAE7AAF0}"
EndProject
Project("{8BC9CEB8-8B4A-11D0-8D11-00A0C91BC942}") = "Launcher", "Launcher\Launcher.vcxproj", "{D1A8C357-5553-41F5-A3B7-B823747E06C5}"
	ProjectSection(ProjectDependencies) = postProject
		{F5AFB33F-49D4-4A4A-BC0C-A7AD7CFD06AE} = {F5AFB33F-49D4-4A4A-BC0C-A7AD7CFD06AE}
		{50587DCF-A799-4628-B878-671D9789132E} = {50587DCF-A799-4628-B878-671D9789132E}
	EndProjectSection
EndProject
Project("{8BC9CEB8-8B4A-11D0-8D11-00A0C91BC942}") = "Preferences", "Preferences\Preferences.vcxproj", "{D694CB26-E7D6-4638-83C6-B953521024D0}"
	ProjectSection(ProjectDependencies) = postProject
		{F5AFB33F-49D4-4A4A-BC0C-A7AD7CFD06AE} = {F5AFB33F-49D4-4A4A-BC0C-A7AD7CFD06AE}
		{50587DCF-A799-4628-B878-671D9789132E} = {50587DCF-A799-4628-B878-671D9789132E}
	EndProjectSection
EndProject
Project("{8BC9CEB8-8B4A-11D0-8D11-00A0C91BC942}") = "Command", "Command\Command.vcxproj", "{0B5708AA-8866-49E8-8F44-98D9E2F38599}"
	ProjectSection(ProjectDependencies) = postProject
		{F5AFB33F-49D4-4A4A-BC0C-A7AD7CFD06AE} = {F5AFB33F-49D4-4A4A-BC0C-A7AD7CFD06AE}
		{50587DCF-A799-4628-B878-671D9789132E} = {50587DCF-A799-4628-B878-671D9789132E}
	EndProjectSection
EndProject
Project("{8BC9CEB8-8B4A-11D0-8D11-00A0C91BC942}") = "vi", "vi\vi.vcxproj", "{376AF6E2-A266-4592-A015-3E66AF1F483B}"
	ProjectSection(ProjectDependencies) = postProject
		{F5AFB33F-49D4-4A4A-BC0C-A7AD7CFD06AE} = {F5AFB33F-49D4-4A4A-BC0C-A7AD7CFD06AE}
		{50587DCF-A799-4628-B878-671D9789132E} = {50587DCF-A799-4628-B878-671D9789132E}
	EndProjectSection
EndProject
Project("{8BC9CEB8-8B4A-11D0-8D11-00A0C91BC942}") = "LuaSyntax", "LuaSyntax\LuaSyntax.vcxproj", "{62D11B8E-FFAE-408A-82F0-ED79090FC054}"
	ProjectSection(ProjectDependencies) = postProject
		{F5AFB33F-49D4-4A4A-BC0C-A7AD7CFD06AE} = {F5AFB33F-49D4-4A4A-BC0C-A7AD7CFD06AE}
		{50587DCF-A799-4628-B878-671D9789132E} = {50587DCF-A799-4628-B878-671D9789132E}
	EndProjectSection
EndProject
Project("{8BC9CEB8-8B4A-11D0-8D11-00A0C91BC942}") = "MemoPad", "MemoPad\MemoPad.vcxproj", "{FA0A6A12-744F-46B2-A615-5C3404533168}"
	ProjectSection(ProjectDependencies) = postProject
		{F5AFB33F-49D4-4A4A-BC0C-A7AD7CFD06AE} = {F5AFB33F-49D4-4A4A-BC0C-A7AD7CFD06AE}
		{50587DCF-A799-4628-B878-671D9789132E} = {50587DCF-A799-4628-B878-671D9789132E}
	EndProjectSection
EndProject
Project("{8BC9CEB8-8B4A-11D0-8D11-00A0C91BC942}") = "AddressBook", "AddressBook\AddressBook.vcxproj", "{31713D1B-B5E1-438A-9AB3-F2785BF29358}"
	ProjectSection(ProjectDependencies) = postProject
		{F5AFB33F-49D4-4A4A-BC0C-A7AD7CFD06AE} = {F5AFB33F-49D4-4A4A-BC0C-A7AD7CFD06AE}
		{50587DCF-A799-4628-B878-671D9789132E} = {50587DCF-A799-4628-B878-671D9789132E}
	EndProjectSection
EndProject
Project("{8BC9CEB8-8B4A-11D0-8D11-00A0C91BC942}") = "ToDoList", "ToDoList\ToDoList.vcxproj", "{1CA55589-EDAE-419D-84CA-387F64999B2C}"
	ProjectSection(ProjectDependencies) = postProject
		{F5AFB33F-49D4-4A4A-BC0C-A7AD7CFD06AE} = {F5AFB33F-49D4-4A4A-BC0C-A7AD7CFD06AE}
		{50587DCF-A799-4628-B878-671D9789132E} = {50587DCF-A799-4628-B878-671D9789132E}
	EndProjectSection
EndProject
Project("{8BC9CEB8-8B4A-11D0-8D11-00A0C91BC942}") = "DateBook", "DateBook\DateBook.vcxproj", "{22E6EDC2-02A6-42FA-937B-F4B4F59FD4A5}"
	ProjectSection(ProjectDependencies) = postProject
		{F5AFB33F-49D4-4A4A-BC0C-A7AD7CFD06AE} = {F5AFB33F-49D4-4A4A-BC0C-A7AD7CFD06AE}
		{50587DCF-A799-4628-B878-671D9789132E} = {50587DCF-A799-4628-B878-671D9789132E}
	EndProjectSection
EndProject
Project("{8BC9CEB8-8B4A-11D0-8D11-00A0C91BC942}") = "libtimidity", "libtimidity\libtimidity.vcxproj", "{97907653-419C-4311-A890-3C90096E153F}"
EndProject
Project("{8BC9CEB8-8B4A-11D0-8D11-00A0C91BC942}") = "prcbuild", "prcbuild\prcbuild.vcxproj", "{801A2493-7F11-4BD9-84CB-9FA3E81D8A64}"
EndProject
Project("{8BC9CEB8-8B4A-11D0-8D11-00A0C91BC942}") = "prclist", "prclist\prclist.vcxproj", "{95215F77-292B-499A-87E8-7FC1CC5F1F6C}"
EndProject
Project("{8BC9CEB8-8B4A-11D0-8D11-00A0C91BC942}") = "pilrc", "pilrc\pilrc.vcxproj", "{56C84A60-1222-402E-9A82-6C884DE40638}"
EndProject
Global
	GlobalSection(SolutionConfigurationPlatforms) = preSolution
		Debug|Mixed Platforms = Debug|Mixed Platforms
		Debug|Win32 = Debug|Win32
		Debug|x64 = Debug|x64
		Release|Mixed Platforms = Release|Mixed Platforms
		Release|Win32 = Release|Win32
		Release|x64 = Release|x64
	EndGlobalSection
	GlobalSection(ProjectConfigurationPlatforms) = postSolution
		{3F77FE51-CEF8-4CCD-9872-17C19828BB8F}.Debug|Mixed Platforms.ActiveCfg = Debug|Win32
		{3F77FE51-CEF8-4CCD-9872-17C19828BB8F}.Debug|Mixed Platforms.Build.0 = Debug|Win32
		{3F77FE51-CEF8-4CCD-9872-17C19828BB8F}.Debug|Win32.ActiveCfg = Debug|Win32
		{3F77FE51-CEF8-4CCD-9872-17C19828BB8F}.Debug|Win32.Build.0 = Debug|Win32
		{3F77FE51-CEF8-4CCD-9872-17C19828BB8F}.Debug|x64.ActiveCfg = Debug|x64
		{3F77FE51-CEF8-4CCD-9872-17C19828BB8F}.Debug|x64.Build.0 = Debug|x64
		{3F77FE51-CEF8-4CCD-9872-17C19828BB8F}.Release|Mixed Platforms.ActiveCfg = Release|Win32
		{3F77FE51-CEF8-4CCD-9872-17C19828BB8F}.Release|Mixed Platforms.Build.0 = Release|Win32
		{3F77FE51-CEF8-4CCD-9872-17C19828BB8F}.Release|Win32.ActiveCfg = Release|Win32
		{3F77FE51-CEF8-4CCD-9872-17C19828BB8F}.Release|Win32.Build.0 = Release|Win32
		{3F77FE51-CEF8-4CCD-9872-17C19828BB8F}.Release|x64.ActiveCfg = Release|x64
		{3F77FE51-CEF8-4CCD-9872-17C19828BB8F}.Release|x64.Build.0 = Release|x64
		{F5AFB33F-49D4-4A4A-BC0C-A7AD7CFD06AE}.Debug|Mixed Platforms.ActiveCfg = Debug|Win32
		{F5AFB33F-49D4-4A4A-BC0C-A7AD7CFD06AE}.Debug|Mixed Platforms.Build.0 = Debug|Win32
		{F5AFB33F-49D4-4A4A-BC0C-A7AD7CFD06AE}.Debug|Win32.ActiveCfg = Debug|Win32
		{F5AFB33F-49D4-4A4A-BC0C-A7AD7CFD06AE}.Debug|Win32.Build.0 = Debug|Win32
		{F5AFB33F-49D4-4A4A-BC0C-A7AD7CFD06AE}.Debug|x64.ActiveCfg = Debug|x64
		{F5AFB33F-49D4-4A4A-BC0C-A7AD7CFD06AE}.Debug|x64.Build.0 = Debug|x64
		{F5AFB33F-49D4-4A4A-BC0C-A7AD7CFD06AE}.Release|Mixed Platforms.ActiveCfg = Release|Win32
		{F5AFB33F-49D4-4A4A-BC0C-A7AD7CFD06AE}.Release|Mixed Platforms.Build.0 = Release|Win32
		{F5AFB33F-49D4-4A4A-BC0C-A7AD7CFD06AE}.Release|Win32.ActiveCfg = Release|Win32
		{F5AFB33F-49D4-4A4A-BC0C-A7AD7CFD06AE}.Release|Win32.Build.0 = Release|Win32
		{F5AFB33F-49D4-4A4A-BC0C-A7AD7CFD06AE}.Release|x64.ActiveCfg = Release|x64
		{F5AFB33F-49D4-4A4A-BC0C-A7AD7CFD06AE}.Release|x64.Build.0 = Release|x64
		{50587DCF-A799-4628-B878-671D9789132E}.Debug|Mixed Platforms.ActiveCfg = Debug|Win32
		{50587DCF-A799-4628-B878-671D9789132E}.Debug|Mixed Platforms.Build.0 = Debug|Win32
		{50587DCF-A799-4628-B878-671D9789132E}.Debug|Win32.ActiveCfg = Debug|Win32
		{50587DCF-A799-4628-B878-671D9789132E}.Debug|Win32.Build.0 = Debug|Win32
		{50587DCF-A799-4628-B878-671D9789132E}.Debug|x64.ActiveCfg = Debug|x64
		{50587DCF-A799-4628-B878-671D9789132E}.Debug|x64.Build.0 = Debug|x64
		{50587DCF-A799-4628-B878-671D9789132E}.Release|Mixed Platforms.ActiveCfg = Release|Win32
		{50587DCF-A799-4628-B878-671D9789132E}.Release|Mixed Platforms.Build.0 = Release|Win32
		{50587DCF-A799-4628-B878-671D9789132E}.Release|Win32.ActiveCfg = Release|Win32
		{50587DCF-A799-4628-B878-671D9789132E}.Release|Win32.Build.0 = Release|Win32
		{50587DCF-A799-4628-B878-671D9789132E}.Release|x64.ActiveCfg = Release|x64
		{50587DCF-A799-4628-B878-671D9789132E}.Release|x64.Build.0 = Release|x64
		{7E429AE1-B904-4E92-AC5E-1AF74E5547D7}.Debug|Mixed Platforms.ActiveCfg = Debug|Win32
		{7E429AE1-B904-4E92-AC5E-1AF74E5547D7}.Debug|Mixed Platforms.Build.0 = Debug|Win32
		{7E429AE1-B904-4E92-AC5E-1AF74E5547D7}.Debug|Win32.ActiveCfg = Debug|Win32
		{7E429AE1-B904-4E92-AC5E-1AF74E5547D7}.Debug|Win32.Build.0 = Debug|Win32
		{7E429AE1-B904-4E92-AC5E-1AF74E5547D7}.Debug|x64.ActiveCfg = Debug|x64
		{7E429AE1-B904-4E92-AC5E-1AF74E5547D7}.Debug|x64.Build.0 = Debug|x64
		{7E429AE1-B904-4E92-AC5E-1AF74E5547D7}.Release|Mixed Platforms.ActiveCfg = Release|Win32
		{7E429AE1-B904-4E92-AC5E-1AF74E5547D7}.Release|Mixed Platforms.Build.0 = Release|Win32
		{7E429AE1-B904-4E92-AC5E-1AF74E5547D7}.Release|Win32.ActiveCfg = Release|Win32
		{7E429AE1-B904-4E92-AC5E-1AF74E5547D7}.Release|Win32.Build.0 = Release|Win32
		{7E429AE1-B904-4E92-AC5E-1AF74E5547D7}.Release|x64.ActiveCfg = Release|x64
		{7E429AE1-B904-4E92-AC5E-1AF74E5547D7}.Release|x64.Build.0 = Release|x64
		{FA180640-6EC4-4E48-8A4D-DD8155728768}.Debug|Mixed Platforms.ActiveCfg = Debug|Win32
		{FA180640-6EC4-4E48-8A4D-DD8155728768}.Debug|Mixed Platforms.Build.0 = Debug|Win32
		{FA180640-6EC4-4E48-8A4D-DD8155728768}.Debug|Win32.ActiveCfg = Debug|Win32
		{FA180640-6EC4-4E48-8A4D-DD8155728768}.Debug|Win32.Build.0 = Debug|Win32
		{FA180640-6EC4-4E48-8A4D-DD8155728768}.Debug|x64.ActiveCfg = Debug|x64
		{FA180640-6EC4-4E48-8A4D-DD8155728768}.Debug|x64.Build.0 = Debug|x64
		{FA180640-6EC4-4E48-8A4D-DD8155728768}.Release|Mixed Platforms.ActiveCfg = Release|Win32
		{FA180640-6EC4-4E48-8A4D-DD8155728768}.Release|Mixed Platforms.Build.0 = Release|Win32
		{FA180640-6EC4-4E48-8A4D-DD8155728768}.Release|Win32.ActiveCfg = Release|Win32
		{FA180640-6EC4-4E48-8A4D-DD8155728768}.Release|Win32.Build.0 = Release|Win32
		{FA180640-6EC4-4E48-8A4D-DD8155728768}.Release|x64.ActiveCfg = Release|x64
		{FA180640-6EC4-4E48-8A4D-DD8155728768}.Release|x64.Build.0 = Release|x64
		{1DD9BA58-729A-42CD-95A0-BD24FBFC1543}.Debug|Mixed Platforms.ActiveCfg = Debug|Win32
		{1DD9BA58-729A-42CD-95A0-BD24FBFC1543}.Debug|Mixed Platforms.Build.0 = Debug|Win32
		{1DD9BA58-729A-42CD-95A0-BD24FBFC1543}.Debug|Win32.ActiveCfg = Debug|Win32
		{1DD9BA58-729A-42CD-95A0-BD24FBFC1543}.Debug|Win32.Build.0 = Debug|Win32
		{1DD9BA58-729A-42CD-95A0-BD24FBFC1543}.Debug|x64.ActiveCfg = Debug|x64
		{1DD9BA58-729A-42CD-95A0-BD24FBFC1543}.Debug|x64.Build.0 = Debug|x64
		{1DD9BA58-729A-42CD-95A0-BD24FBFC1543}.Release|Mixed Platforms.ActiveCfg = Release|Win32
		{1DD9BA58-729A-42CD-95A0-BD24FBFC1543}.Release|Mixed Platforms.Build.0 = Release|Win32
		{1DD9BA58-729A-42CD-95A0-BD24FBFC1543}.Release|Win32.ActiveCfg = Release|Win32
		{1DD9BA58-729A-42CD-95A0-BD24FBFC1543}.Release|Win32.Build.0 = Release|Win32
		{1DD9BA58-729A-42CD-95A0-BD24FBFC1543}.Release|x64.ActiveCfg = Release|x64
		{1DD9BA58-729A-42CD-95A0-BD24FBFC1543}.Release|x64.Build.0 = Release|x64
		{32AB7374-7BD6-4C7C-905B-D43043AC4CC5}.Debug|Mixed Platforms.ActiveCfg = Debug|Win32
		{32AB7374-7BD6-4C7C-905B-D43043AC4CC5}.Debug|Mixed Platforms.Build.0 = Debug|Win32
		{32AB7374-7BD6-4C7C-905B-D43043AC4CC5}.Debug|Win32.ActiveCfg = Debug|Win32
		{32AB7374-7BD6-4C7C-905B-D43043AC4CC5}.Debug|Win32.Build.0 = Debug|Win32
		{32AB7374-7BD6-4C7C-905B-D43043AC4CC5}.Debug|x64.ActiveCfg = Debug|x64
		{32AB7374-7BD6-4C7C-905B-D43043AC4CC5}.Debug|x64.Build.0 = Debug|x64
		{32AB7374-7BD6-4C7C-905B-D43043AC4CC5}.Release|Mixed Platforms.ActiveCfg = Release|Win32
		{32AB7374-7BD6-4C7C-905B-D43043AC4CC5}.Release|Mixed Platforms.Build.0 = Release|Win32
		{32AB7374-7BD6-4C7C-905B-D43043AC4CC5}.Release|Win32.ActiveCfg = Release|Win32
		{32AB7374-7BD6-4C7C-905B-D43043AC4CC5}.Release|Win32.Build.0 = Release|Win32
		{32AB7374-7BD6-4C7C-905B-D43043AC4CC5}.Release|x64.ActiveCfg = Release|x64
		{32AB7374-7BD6-4C7C-905B-D43043AC4CC5}.Release|x64.Build.0 = Release|x64
		{1D7022F5-09D4-47B8-8A25-ED7BBAE7AAF0}.Debug|Mixed Platforms.ActiveCfg = Debug|Win32
		{1D7022F5-09D4-47B8-8A25-ED7BBAE7AAF0}.Debug|Mixed Platforms.Build.0 = Debug|Win32
		{1D7022F5-09D4-47B8-8A25-ED7BBAE7AAF0}.Debug|Win32.ActiveCfg = Debug|Win32
		{1D7022F5-09D4-47B8-8A25-ED7BBAE7AAF0}.Debug|Win32.Build.0 = Debug|Win32
		{1D7022F5-09D4-47B8-8A25-ED7BBAE7AAF0}.Debug|x64.ActiveCfg = Debug|x64
		{1D7022F5-09D4-47B8-8A25-ED7BBAE7AAF0}.Debug|x64.Build.0 = Debug|x64
		{1D7022F5-09D4-47B8-8A25-ED7BBAE7AAF0}.Release|Mixed Platforms.ActiveCfg = Release|Win32
		{1D7022F5-09D4-47B8-8A25-ED7BBAE7AAF0}.Release|Mixed Platforms.Build.0 = Release|Win32
		{1D7022F5-09D4-47B8-8A25-ED7BBAE7AAF0}.Release|Win32.ActiveCfg = Release|Win32
		{1D7022F5-09D4-47B8-8A25-ED7BBAE7AAF0}.Release|Win32.Build.0 = Release|Win32
		{1D7022F5-09D4-47B8-8A25-ED7BBAE7AAF0}.Release|x64.ActiveCfg = Release|x64
		{1D7022F5-09D4-47B8-8A25-ED7BBAE7AAF0}.Release|x64.Build.0 = Release|x64
		{D1A8C357-5553-41F5-A3B7-B823747E06C5}.Debug|Mixed Platforms.ActiveCfg = Debug|Win32
		{D1A8C357-5553-41F5-A3B7-B823747E06C5}.Debug|Mixed Platforms.Build.0 = Debug|Win32
		{D1A8C357-5553-41F5-A3B7-B823747E06C5}.Debug|Win32.ActiveCfg = Debug|Win32
		{D1A8C357-5553-41F5-A3B7-B823747E06C5}.Debug|Win32.Build.0 = Debug|Win32
		{D1A8C357-5553-41F5-A3B7-B823747E06C5}.Debug|x64.ActiveCfg = Debug|x64
		{D1A8C357-5553-41F5-A3B7-B823747E06C5}.Debug|x64.Build.0 = Debug|x64
		{D1A8C357-5553-41F5-A3B7-B823747E06C5}.Release|Mixed Platforms.ActiveCfg = Release|Win32
		{D1A8C357-5553-41F5-A3B7-B823747E06C5}.Release|Mixed Platforms.Build.0 = Release|Win32
		{D1A8C357-5553-41F5-A3B7-B823747E06C5}.Release|Win32.ActiveCfg = Release|Win32
		{D1A8C357-5553-41F5-A3B7-B823747E06C5}.Release|Win32.Build.0 = Release|Win32
		{D1A8C357-5553-41F5-A3B7-B823747E06C5}.Release|x64.ActiveCfg = Release|x64
		{D1A8C357-5553-41F5-A3B7-B823747E06C5}.Release|x64.Build.0 = Release|x64
		{D694CB26-E7D6-4638-83C6-B953521024D0}.Debug|Mixed Platforms.ActiveCfg = Debug|Win32
		{D694CB26-E7D6-4638-83C6-B953521024D0}.Debug|Mixed Platforms.Build.0 = Debug|Win32
		{D694CB26-E7D6-4638-83C6-B953521024D0}.Debug|Win32.ActiveCfg = Debug|Win32
		{D694CB26-E7D6-4638-83C6-B953521024D0}.Debug|Win32.Build.0 = Debug|Win32
		{D694CB26-E7D6-4638-83C6-B953521024D0}.Debug|x64.ActiveCfg = Debug|x64
		{D694CB26-E7D6-4638-83C6-B953521024D0}.Debug|x64.Build.0 = Debug|x64
		{D694CB26-E7D6-4638-83C6-B953521024D0}.Release|Mixed Platforms.ActiveCfg = Release|Win32
		{D694CB26-E7D6-4638-83C6-B953521024D0}.Release|Mixed Platforms.Build.0 = Release|Win32
		{D694CB26-E7D6-4638-83C6-B953521024D0}.Release|Win32.ActiveCfg = Release|Win32
		{D694CB26-E7D6-4638-83C6-B953521024D0}.Release|Win32.Build.0 = Release|Win32
		{D694CB26-E7D6-4638-83C6-B953521024D0}.Release|x64.ActiveCfg = Release|x64
		{D694CB26-E7D6-4638-83C6-B953521024D0}.Release|x64.Build.0 = Release|x64
		{0B5708AA-8866-49E8-8F44-98D9E2F38599}.Debug|Mixed Platforms.ActiveCfg = Debug|Win32
		{0B5708AA-8866-49E8-8F44-98D9E2F38599}.Debug|Mixed Platforms.Build.0 = Debug|Win32
		{0B5708AA-8866-49E8-8F44-98D9E2F38599}.Debug|Win32.ActiveCfg = Debug|Win32
		{0B5708AA-8866-49E8-8F44-98D9E2F38599}.Debug|Win32.Build.0 = Debug|Win32
		{0B5708AA-8866-49E8-8F44-98D9E2F38599}.Debug|x64.ActiveCfg = Debug|x64
		{0B5708AA-8866-49E8-8F44-98D9E2F38599}.Debug|x64.Build.0 = Debug|x64
		{0B5708AA-8866-49E8-8F44-98D9E2F38599}.Release|Mixed Platforms.ActiveCfg = Release|Win32
		{0B5708AA-8866-49E8-8F44-98D9E2F38599}.Release|Mixed Platforms.Build.0 = Release|Win32
		{0B5708AA-8866-49E8-8F44-98D9E2F38599}.Release|Win32.ActiveCfg = Release|Win32
		{0B5708AA-8866-49E8-8F44-98D9E2F38599}.Release|Win32.Build.0 = Release|Win32
		{0B5708AA-8866-49E8-8F44-98D9E2F38599}.Release|x64.ActiveCfg = Release|x64
		{0B5708AA-8866-49E8-8F44-98D9E2F38599}.Release|x64.Build.0 = Release|x64
		{376AF6E2-A266-4592-A015-3E66AF1F483B}.Debug|Mixed Platforms.ActiveCfg = Debug|Win32
		{376AF6E2-A266-4592-A015-3E66AF1F483B}.Debug|Mixed Platforms.Build.0 = Debug|Win32
		{376AF6E2-A266-4592-A015-3E66AF1F483B}.Debug|Win32.ActiveCfg = Debug|Win32
		{376AF6E2-A266-4592-A015-3E66AF1F483B}.Debug|Win32.Build.0 = Debug|Win32
		{376AF6E2-A266-4592-A015-3E66AF1F483B}.Debug|x64.ActiveCfg = Debug|x64
		{376AF6E2-A266-4592-A015-3E66AF1F483B}.Debug|x64.Build.0 = Debug|x64
		{376AF6E2-A266-4592-A015-3E66AF1F483B}.Release|Mixed Platforms.ActiveCfg = Release|Win32
		{376AF6E2-A266-4592-A015-3E66AF1F483B}.Release|Mixed Platforms.Build.0 = Release|Win32
		{376AF6E2-A266-4592-A015-3E66AF1F483B}.Release|Win32.ActiveCfg = Release|Win32
		{376AF6E2-A266-4592-A015-3E66AF1F483B}.Release|Win32.Build.0 = Release|Win32
		{376AF6E2-A266-4592-A015-3E66AF1F483B}.Release|x64.ActiveCfg = Release|x64
		{376AF6E2-A266-4592-A015-3E66AF1F483B}.Release|x64.Build.0 = Release|x64
		{62D11B8E-FFAE-408A-82F0-ED79090FC054}.Debug|Mixed Platforms.ActiveCfg = Debug|Win32
		{62D11B8E-FFAE-408A-82F0-ED79090FC054}.Debug|Mixed Platforms.Build.0 = Debug|Win32
		{62D11B8E-FFAE-408A-82F0-ED79090FC054}.Debug|Win32.ActiveCfg = Debug|Win32
		{62D11B8E-FFAE-408A-82F0-ED79090FC054}.Debug|Win32.Build.0 = Debug|Win32
		{62D11B8E-FFAE-408A-82F0-ED79090FC054}.Debug|x64.ActiveCfg = Debug|x64
		{62D11B8E-FFAE-408A-82F0-ED79090FC054}.Debug|x64.Build.0 = Debug|x64
		{62D11B8E-FFAE-408A-82F0-ED79090FC054}.Release|Mixed Platforms.ActiveCfg = Release|Win32
		{62D11B8E-FFAE-408A-82F0-ED79090FC054}.Release|Mixed Platforms.Build.0 = Release|Win32
		{62D11B8E-FFAE-408A-82F0-ED79090FC054}.Release|Win32.ActiveCfg = Release|Win32
		{62D11B8E-FFAE-408A-82F0-ED79090FC054}.Release|Win32.Build.0 = Release|Win32
		{62D11B8E-FFAE-408A-82F0-ED79090FC054}.Release|x64.ActiveCfg = Release|x64
		{62D11B8E-FFAE-408A-82F0-ED79090FC054}.Release|x64.Build.0 = Release|x64
		{FA0A6A12-744F-46B2-A615-5C3404533168}.Debug|Mixed Platforms.ActiveCfg = Debug|Win32
		{FA0A6A12-744F-46B2-A615-5C3404533168}.Debug|Mixed Platforms.Build.0 = Debug|Win32
		{FA0A6A12-744F-46B2-A615-5C3404533168}.Debug|Win32.ActiveCfg = Debug|Win32
		{FA0A6A12-744F-46B2-A615-5C3404533168}.Debug|Win32.Build.0 = Debug|Win32
		{FA0A6A12-744F-46B2-A615-5C3404533168}.Debug|x64.ActiveCfg = Debug|x64
		{FA0A6A12-744F-46B2-A615-5C3404533168}.Debug|x64.Build.0 = Debug|x64
		{FA0A6A12-744F-46B2-A615-5C3404533168}.Release|Mixed Platforms.ActiveCfg = Release|Win32
		{FA0A6A12-744F-46B2-A615-5C3404533168}.Release|Mixed Platforms.Build.0 = Release|Win32
		{FA0A6A12-744F-46B2-A615-5C3404533168}.Release|Win32.ActiveCfg = Release|Win32
		{FA0A6A12-744F-46B2-A615-5C3404533168}.Release|Win32.Build.0 = Release|Win32
		{FA0A6A12-744F-46B2-A615-5C3404533168}.Release|x64.ActiveCfg = Release|x64
		{FA0A6A12-744F-46B2-A615-5C3404533168}.Release|x64.Build.0 = Release|x64
		{31713D1B-B5E1-438A-9AB3-F2785BF29358}.Debug|Mixed Platforms.ActiveCfg = Debug|Win32
		{31713D1B-B5E1-438A-9AB3-F2785BF29358}.Debug|Mixed Platforms.Build.0 = Debug|Win32
		{31713D1B-B5E1-438A-9AB3-F2785BF29358}.Debug|Win32.ActiveCfg = Debug|Win32
		{31713D1B-B5E1-438A-9AB3-F2785BF29358}.Debug|Win32.Build.0 = Debug|Win32
		{31713D1B-B5E1-438A-9AB3-F2785BF29358}.Debug|x64.ActiveCfg = Debug|x64
		{31713D1B-B5E1-438A-9AB3-F2785BF29358}.Debug|x64.Build.0 = Debug|x64
		{31713D1B-B5E1-438A-9AB3-F2785BF29358}.Release|Mixed Platforms.ActiveCfg = Release|Win32
		{31713D1B-B5E1-438A-9AB3-F2785BF29358}.Release|Mixed Platforms.Build.0 = Release|Win32
		{31713D1B-B5E1-438A-9AB3-F2785BF29358}.Release|Win32.ActiveCfg = Release|Win32
		{31713D1B-B5E1-438A-9AB3-F2785BF29358}.Release|Win32.Build.0 = Release|Win32
		{31713D1B-B5E1-438A-9AB3-F2785BF29358}.Release|x64.ActiveCfg = Release|x64
		{31713D1B-B5E1-438A-9AB3-F2785BF29358}.Release|x64.Build.0 = Release|x64
		{1CA55589-EDAE-419D-84CA-387F64999B2C}.Debug|Mixed Platforms.ActiveCfg = Debug|Win32
		{1CA55589-EDAE-419D-84CA-387F64999B2C}.Debug|Mixed Platforms.Build.0 = Debug|Win32
		{1CA55589-EDAE-419D-84CA-387F64999B2C}.Debug|Win32.ActiveCfg = Debug|Win32
		{1CA55589-EDAE-419D-84CA-387F64999B2C}.Debug|Win32.Build.0 = Debug|Win32
		{1CA55589-EDAE-419D-84CA-387F64999B2C}.Debug|x64.ActiveCfg = Debug|x64
		{1CA55589-EDAE-419D-84CA-387F64999B2C}.Debug|x64.Build.0 = Debug|x64
		{1CA55589-EDAE-419D-84CA-387F64999B2C}.Release|Mixed Platforms.ActiveCfg = Release|Win32
		{1CA55589-EDAE-419D-84CA-387F64999B2C}.Release|Mixed Platforms.Build.0 = Release|Win32
		{1CA55589-EDAE-419D-84CA-387F64999B2C}.Release|Win32.ActiveCfg = Release|Win32
		{1CA55589-EDAE-419D-84CA-387F64999B2C}.Release|Win32.Build.0 = Release|Win32
		{1CA55589-EDAE-419D-84CA-387F64999B2C}.Release|x64.ActiveCfg = Release|x64
		{1CA55589-EDAE-419D-84CA-387F64999B2C}.Release|x64.Build.0 = Release|x64
		{22E6EDC2-02A6-42FA-937B-F4B4F59FD4A5}.Debug|Mixed Platforms.ActiveCfg = Debug|Win32
		{22E6EDC2-02A6-42FA-937B-F4B4F59FD4A5}.Debug|Mixed Platforms.Build.0 = Debug|Win32
		{22E6EDC2-02A6-42FA-937B-F4B4F59FD4A5}.Debug|Win32.ActiveCfg = Debug|Win32
		{22E6EDC2-02A6-42FA-937B-F4B4F59FD4A5}.Debug|Win32.Build.0 = Debug|Win32
		{22E6EDC2-02A6-42FA-937B-F4B4F59FD4A5}.Debug|x64.ActiveCfg = Debug|x64
		{22E6EDC2-02A6-42FA-937B-F4B4F59FD4A5}.Debug|x64.Build.0 = Debug|x64
		{22E6EDC2-02A6-42FA-937B-F4B4F59FD4A5}.Release|Mixed Platforms.ActiveCfg = Release|Win32
		{22E6EDC2-02A6-42FA-937B-F4B4F59FD4A5}.Release|Mixed Platforms.Build.0 = Release|Win32
		{22E6EDC2-02A6-42FA-937B-F4B4F59FD4A5}.Release|Win32.ActiveCfg = Release|Win32
		{22E6EDC2-02A6-42FA-937B-F4B4F59FD4A5}.Release|Win32.Build.0 = Release|Win32
		{22E6EDC2-02A6-42FA-937B-F4B4F59FD4A5}.Release|x64.ActiveCfg = Release|x64
		{22E6EDC2-02A6-42FA-937B-F4B4F59FD4A5}.Release|x64.Build.0 = Release|x64
		{97907653-419C-4311-A890-3C90096E153F}.Debug|Mixed Platforms.ActiveCfg = Debug|Win32
		{97907653-419C-4311-A890-3C90096E153F}.Debug|Mixed Platforms.Build.0 = Debug|Win32
		{97907653-419C-4311-A890-3C90096E153F}.Debug|Win32.ActiveCfg = Debug|Win32
		{97907653-419C-4311-A890-3C90096E153F}.Debug|Win32.Build.0 = Debug|Win32
		{97907653-419C-4311-A890-3C90096E153F}.Debug|x64.ActiveCfg = Debug|x64
		{97907653-419C-4311-A890-3C90096E153F}.Debug|x64.Build.0 = Debug|x64
		{97907653-419C-4311-A890-3C90096E153F}.Release|Mixed Platforms.ActiveCfg = Release|Win32
		{97907653-419C-4311-A890-3C90096E153F}.Release|Mixed Platforms.Build.0 = Release|Win32
		{97907653-419C-4311-A890-3C90096E153F}.Release|Win32.ActiveCfg = Release|Win32
		{97907653-419C-4311-A890-3C90096E153F}.Release|Win32.Build.0 = Release|Win32
		{97907653-419C-4311-A890-3C90096E153F}.Release|x64.ActiveCfg = Release|x64
		{97907653-419C-4311-A890-3C90096E153F}.Release|x64.Build.0 = Release|x64
		{801A2493-7F11-4BD9-84CB-9FA3E81D8A64}.Debug|Mixed Platforms.ActiveCfg = Debug|Win32
		{801A2493-7F11-4BD9-84CB-9FA3E81D8A64}.Debug|Mixed Platforms.Build.0 = Debug|Win32
		{801A2493-7F11-4BD9-84CB-9FA3E81D8A64}.Debug|Win32.ActiveCfg = Debug|Win32
		{801A2493-7F11-4BD9-84CB-9FA3E81D8A64}.Debug|Win32.Build.0 = Debug|Win32
		{801A2493-7F11-4BD9-84CB-9FA3E81D8A64}.Debug|x64.ActiveCfg = Debug|x64
		{801A2493-7F11-4BD9-84CB-9FA3E81D8A64}.Debug|x64.Build.0 = Debug|x64
		{801A2493-7F11-4BD9-84CB-9FA3E81D8A64}.Release|Mixed Platforms.ActiveCfg = Release|Win32
		{801A2493-7F11-4BD9-84CB-9FA3E81D8A64}.Release|Mixed Platforms.Build.0 = Release|Win32
		{801A2493-7F11-4BD9-84CB-9FA3E81D8A64}.Release|Win32.ActiveCfg = Release|Win32
		{801A2493-7F11-4BD9-84CB-9FA3E81D8A64}.Release|Win32.Build.0 = Release|Win32
		{801A2493-7F11-4BD9-84CB-9FA3E81D8A64}.Release|x64.ActiveCfg = Release|x64
		{801A2493-7F11-4BD9-84CB-9FA3E81D8A64}.Release|x64.Build.0 = Release|x64
		{95215F77-292B-499A-87E8-7FC1CC5F1F6C}.Debug|Mixed Platforms.ActiveCfg = Debug|Win32
		{95215F77-292B-499A-87E8-7FC1CC5F1F6C}.Debug|Mixed Platforms.Build.0 = Debug|Win32
		{95215F77-292B-499A-87E8-7FC1CC5F1F6C}.Debug|Win32.ActiveCfg = Debug|Win32
		{95215F77-292B-499A-87E8-7FC1CC5F1F6C}.Debug|Win32.Build.0 = Debug|Win32
		{95215F77-292B-499A-87E8-7FC1CC5F1F6C}.Debug|x64.ActiveCfg = Debug|x64
		{95215F77-292B-499A-87E8-7FC1CC5F1F6C}.Debug|x64.Build.0 = Debug|x64
		{95215F77-292B-499A-87E8-7FC1CC5F1F6C}.Release|Mixed Platforms.ActiveCfg = Release|Win32
		{95215F77-292B-499A-87E8-7FC1CC5F1F6C}.Release|Mixed Platforms.Build.0 = Release|Win32
		{95215F77-292B-499A-87E8-7FC1CC5F1F6C}.Release|Win32.ActiveCfg = Release|Win32
		{95215F77-292B-499A-87E8-7FC1CC5F1F6C}.Release|Win32.Build.0 = Release|Win32
		{95215F77-292B-499A-87E8-7FC1CC5F1F6C}.Release|x64.ActiveCfg = Release|x64
		{95215F77-292B-499A-87E8-7FC1CC5F1F6C}.Release|x64.Build.0 = Release|x64
		{56C84A60-1222-402E-9A82-6C884DE40638}.Debug|Mixed Platforms.ActiveCfg = Debug|Win32
		{56C84A60-1222-402E-9A82-6C884DE40638}.Debug|Mixed Platforms.Build.0 = Debug|Win32
		{56C84A60-1222-402E-9A82-6C884DE40638}.Debug|Win32.ActiveCfg = Debug|Win32
		{56C84A60-1222-402E-9A82-6C884DE40638}.Debug|Win32.Build.0 = Debug|Win32
		{56C84A60-1222-402E-9A82-6C884DE40638}.Debug|x64.ActiveCfg = Debug|x64
		{56C84A60-1222-402E-9A82-6C884DE40638}.Debug|x64.Build.0 = Debug|x64
		{56C84A60-1222-402E-9A82-6C884DE40638}.Release|Mixed Platforms.ActiveCfg = Release|Win32
		{56C84A60-1222-402E-9A82-6C884DE40638}.Release|Mixed Platforms.Build.0 = Release|Win32
		{56C84A60-1222-402E-9A82-6C884DE40638}.Release|Win32.ActiveCfg = Release|Win32
		{56C84A60-1222-402E-9A82-6C884DE40638}.Release|Win32.Build.0 = Release|Win32
		{56C84A60-1222-402E-9A82-6C884DE40638}.Release|x64.ActiveCfg = Release|x64
		{56C84A60-1222-402E-9A82-6C884DE40638}.Release|x64.Build.0 = Release|x64
	EndGlobalSection
	GlobalSection(SolutionProperties) = preSolution
		HideSolutionNode = FALSE
	EndGlobalSection
EndGlobal
